{
  "name": "epoch-time-converter",
  "version": "0.4.0",
  "lockfileVersion": 1,
  "requires": true,
  "dependencies": {
    "prettier": {
      "version": "1.13.3",
      "resolved": "https://registry.npmjs.org/prettier/-/prettier-1.13.3.tgz",
      "integrity": "sha512-CIWJNU+cFFdeA0GJSzzFkxiq2WuMvWZMlz6cV/EXhPlRnI3esSFMh+lNmyZ8z/X8O8C1U60Sc8puXALj4/WmZw==",
      "dev": true
    }
  }
}
